
Microsoft Visual Studio Solution File, Format Version 12.00
# Visual Studio 14
VisualStudioVersion = 14.0.25123.0
MinimumVisualStudioVersion = 10.0.40219.1
Project("{2150E333-8FDC-42A3-9474-1A3956D46DE8}") = "src", "src", "{81409A37-7288-44CC-807F-443D7E20DB31}"
EndProject
Project("{2150E333-8FDC-42A3-9474-1A3956D46DE8}") = "tests", "tests", "{A32D3A0E-9C97-42FB-9686-7B678DC5D64F}"
EndProject
Project("{FAE04EC0-301F-11D3-BF4B-00C04F79EFBC}") = "XiaomiYi", "XiaomiYi\XiaomiYi.csproj", "{9B7F9C93-565B-4CA6-ACB4-0C33BF5379D2}"
EndProject
Project("{2150E333-8FDC-42A3-9474-1A3956D46DE8}") = "playground", "playground", "{66535D96-AEA1-4587-A49E-690ED7758F5B}"
EndProject
Global
	GlobalSection(SolutionConfigurationPlatforms) = preSolution
		Debug|Any CPU = Debug|Any CPU
		Release|Any CPU = Release|Any CPU
	EndGlobalSection
	GlobalSection(ProjectConfigurationPlatforms) = postSolution
		{9B7F9C93-565B-4CA6-ACB4-0C33BF5379D2}.Debug|Any CPU.ActiveCfg = Debug|Any CPU
		{9B7F9C93-565B-4CA6-ACB4-0C33BF5379D2}.Debug|Any CPU.Build.0 = Debug|Any CPU
		{9B7F9C93-565B-4CA6-ACB4-0C33BF5379D2}.Release|Any CPU.ActiveCfg = Release|Any CPU
		{9B7F9C93-565B-4CA6-ACB4-0C33BF5379D2}.Release|Any CPU.Build.0 = Release|Any CPU
	EndGlobalSection
	GlobalSection(SolutionProperties) = preSolution
		HideSolutionNode = FALSE
	EndGlobalSection
	GlobalSection(NestedProjects) = preSolution
		{9B7F9C93-565B-4CA6-ACB4-0C33BF5379D2} = {81409A37-7288-44CC-807F-443D7E20DB31}
	EndGlobalSection
EndGlobal
